
Microsoft Visual Studio Solution File, Format Version 12.00
# Visual Studio Version 17
VisualStudioVersion = 17.10.35027.167
MinimumVisualStudioVersion = 10.0.40219.1
Project("{9A19103F-16F7-4668-BE54-9A1E7A4F7556}") = "TrainerService.API", "Services\TrainerService\TrainerService.API\TrainerService.API.csproj", "{0FE25075-01AE-4650-9CDE-F3657E9D49BC}"
EndProject
Project("{E53339B2-1760-4266-BCC7-CA923CBCF16C}") = "docker-compose", "docker-compose.dcproj", "{38B61A4C-107F-45C4-96E5-6165CE2ABE36}"
EndProject
Project("{2150E333-8FDC-42A3-9474-1A3956D46DE8}") = "ReviewService", "ReviewService", "{9C34116F-A2EF-4956-9334-9C0A70508112}"
EndProject
Project("{2150E333-8FDC-42A3-9474-1A3956D46DE8}") = "TrainerService", "TrainerService", "{18F41D5C-307D-4EDB-B4E1-11D1B7256AEB}"
EndProject
Project("{2150E333-8FDC-42A3-9474-1A3956D46DE8}") = "Backend", "Backend", "{907BB731-B5F6-4737-B7B0-85A6A21299E5}"
EndProject
Project("{9A19103F-16F7-4668-BE54-9A1E7A4F7556}") = "ReviewService.Common", "Services\ReviewService\ReviewService.Common\ReviewService.Common.csproj", "{D5EEA312-F9D5-4AF5-A2F2-4D8F0225EBA3}"
EndProject
Project("{9A19103F-16F7-4668-BE54-9A1E7A4F7556}") = "ReviewService.API", "Services\ReviewService\ReviewService.API\ReviewService.API.csproj", "{1BEF3EB7-10AC-4579-92D4-7F38AAC8E46E}"
EndProject
Project("{9A19103F-16F7-4668-BE54-9A1E7A4F7556}") = "ReviewService.GRPC", "Services\ReviewService\ReviewService.GRPC\ReviewService.GRPC.csproj", "{4722D845-02FA-4FD9-946D-AF4C2538F7BE}"
EndProject
Project("{2150E333-8FDC-42A3-9474-1A3956D46DE8}") = "Security", "Security", "{5059AE6A-2965-4C42-8001-8BAEB2CABC60}"
EndProject
Project("{9A19103F-16F7-4668-BE54-9A1E7A4F7556}") = "IdentityServer", "Services\Security\IdentityServer\IdentityServer.csproj", "{83444784-07F9-4B81-A563-CD554D90A866}"
EndProject
Project("{9A19103F-16F7-4668-BE54-9A1E7A4F7556}") = "ClientService.API", "Services\ClientService\ClientService.API\ClientService.API.csproj", "{9C252B02-E17B-40AC-8E0F-3A58C4CA0EA1}"
EndProject
Global
	GlobalSection(SolutionConfigurationPlatforms) = preSolution
		Debug|Any CPU = Debug|Any CPU
		Release|Any CPU = Release|Any CPU
	EndGlobalSection
	GlobalSection(ProjectConfigurationPlatforms) = postSolution
		{0FE25075-01AE-4650-9CDE-F3657E9D49BC}.Debug|Any CPU.ActiveCfg = Debug|Any CPU
		{0FE25075-01AE-4650-9CDE-F3657E9D49BC}.Debug|Any CPU.Build.0 = Debug|Any CPU
		{0FE25075-01AE-4650-9CDE-F3657E9D49BC}.Release|Any CPU.ActiveCfg = Release|Any CPU
		{0FE25075-01AE-4650-9CDE-F3657E9D49BC}.Release|Any CPU.Build.0 = Release|Any CPU
		{38B61A4C-107F-45C4-96E5-6165CE2ABE36}.Debug|Any CPU.ActiveCfg = Debug|Any CPU
		{38B61A4C-107F-45C4-96E5-6165CE2ABE36}.Debug|Any CPU.Build.0 = Debug|Any CPU
		{38B61A4C-107F-45C4-96E5-6165CE2ABE36}.Release|Any CPU.ActiveCfg = Release|Any CPU
		{38B61A4C-107F-45C4-96E5-6165CE2ABE36}.Release|Any CPU.Build.0 = Release|Any CPU
		{D5EEA312-F9D5-4AF5-A2F2-4D8F0225EBA3}.Debug|Any CPU.ActiveCfg = Debug|Any CPU
		{D5EEA312-F9D5-4AF5-A2F2-4D8F0225EBA3}.Debug|Any CPU.Build.0 = Debug|Any CPU
		{D5EEA312-F9D5-4AF5-A2F2-4D8F0225EBA3}.Release|Any CPU.ActiveCfg = Release|Any CPU
		{D5EEA312-F9D5-4AF5-A2F2-4D8F0225EBA3}.Release|Any CPU.Build.0 = Release|Any CPU
		{1BEF3EB7-10AC-4579-92D4-7F38AAC8E46E}.Debug|Any CPU.ActiveCfg = Debug|Any CPU
		{1BEF3EB7-10AC-4579-92D4-7F38AAC8E46E}.Debug|Any CPU.Build.0 = Debug|Any CPU
		{1BEF3EB7-10AC-4579-92D4-7F38AAC8E46E}.Release|Any CPU.ActiveCfg = Release|Any CPU
		{1BEF3EB7-10AC-4579-92D4-7F38AAC8E46E}.Release|Any CPU.Build.0 = Release|Any CPU
		{4722D845-02FA-4FD9-946D-AF4C2538F7BE}.Debug|Any CPU.ActiveCfg = Debug|Any CPU
		{4722D845-02FA-4FD9-946D-AF4C2538F7BE}.Debug|Any CPU.Build.0 = Debug|Any CPU
		{4722D845-02FA-4FD9-946D-AF4C2538F7BE}.Release|Any CPU.ActiveCfg = Release|Any CPU
		{4722D845-02FA-4FD9-946D-AF4C2538F7BE}.Release|Any CPU.Build.0 = Release|Any CPU
		{83444784-07F9-4B81-A563-CD554D90A866}.Debug|Any CPU.ActiveCfg = Debug|Any CPU
		{83444784-07F9-4B81-A563-CD554D90A866}.Debug|Any CPU.Build.0 = Debug|Any CPU
		{83444784-07F9-4B81-A563-CD554D90A866}.Release|Any CPU.ActiveCfg = Release|Any CPU
		{83444784-07F9-4B81-A563-CD554D90A866}.Release|Any CPU.Build.0 = Release|Any CPU
		{9C252B02-E17B-40AC-8E0F-3A58C4CA0EA1}.Debug|Any CPU.ActiveCfg = Debug|Any CPU
		{9C252B02-E17B-40AC-8E0F-3A58C4CA0EA1}.Debug|Any CPU.Build.0 = Debug|Any CPU
		{9C252B02-E17B-40AC-8E0F-3A58C4CA0EA1}.Release|Any CPU.ActiveCfg = Release|Any CPU
		{9C252B02-E17B-40AC-8E0F-3A58C4CA0EA1}.Release|Any CPU.Build.0 = Release|Any CPU
	EndGlobalSection
	GlobalSection(SolutionProperties) = preSolution
		HideSolutionNode = FALSE
	EndGlobalSection
	GlobalSection(NestedProjects) = preSolution
		{0FE25075-01AE-4650-9CDE-F3657E9D49BC} = {18F41D5C-307D-4EDB-B4E1-11D1B7256AEB}
		{9C34116F-A2EF-4956-9334-9C0A70508112} = {907BB731-B5F6-4737-B7B0-85A6A21299E5}
		{18F41D5C-307D-4EDB-B4E1-11D1B7256AEB} = {907BB731-B5F6-4737-B7B0-85A6A21299E5}
		{D5EEA312-F9D5-4AF5-A2F2-4D8F0225EBA3} = {9C34116F-A2EF-4956-9334-9C0A70508112}
		{1BEF3EB7-10AC-4579-92D4-7F38AAC8E46E} = {9C34116F-A2EF-4956-9334-9C0A70508112}
		{4722D845-02FA-4FD9-946D-AF4C2538F7BE} = {9C34116F-A2EF-4956-9334-9C0A70508112}
		{5059AE6A-2965-4C42-8001-8BAEB2CABC60} = {907BB731-B5F6-4737-B7B0-85A6A21299E5}
		{83444784-07F9-4B81-A563-CD554D90A866} = {5059AE6A-2965-4C42-8001-8BAEB2CABC60}
	EndGlobalSection
	GlobalSection(ExtensibilityGlobals) = postSolution
		SolutionGuid = {BC29E298-33E0-4D11-8191-6D2E72727175}
	EndGlobalSection
EndGlobal
